
Microsoft Visual Studio Solution File, Format Version 12.00
# Visual Studio Version 17
VisualStudioVersion = 17.0.32112.339
MinimumVisualStudioVersion = 10.0.40219.1
Project("{2150E333-8FDC-42A3-9474-1A3956D46DE8}") = "BuildingBlocks", "BuildingBlocks", "{106C7F74-DC3C-4B7F-80BF-9BDA99108E3E}"
EndProject
Project("{2150E333-8FDC-42A3-9474-1A3956D46DE8}") = "Services", "Services", "{63F01645-A16B-49FA-AB85-63DECA6C79B8}"
EndProject
Project("{2150E333-8FDC-42A3-9474-1A3956D46DE8}") = "WebApps", "WebApps", "{69886C19-5ED8-4C07-A5D0-D6EA171A2E73}"
EndProject
Project("{2150E333-8FDC-42A3-9474-1A3956D46DE8}") = "Report", "Report", "{176B77E9-97B8-48C1-899B-4DC0721AE3E3}"
EndProject
Project("{2150E333-8FDC-42A3-9474-1A3956D46DE8}") = "Contact", "Contact", "{364C75AE-4C72-4114-B750-7D419E3F9E68}"
EndProject
Project("{9A19103F-16F7-4668-BE54-9A1E7A4F7556}") = "Contact.API", "src\Services\Contact\Contact.API\Contact.API.csproj", "{290A2E6F-3792-4EC8-BE8D-A3321C15804C}"
EndProject
Project("{9A19103F-16F7-4668-BE54-9A1E7A4F7556}") = "Contact.Application", "src\Services\Contact\Contact.Application\Contact.Application.csproj", "{43DF2411-7A91-473B-9C46-2480FCB9187D}"
EndProject
Project("{9A19103F-16F7-4668-BE54-9A1E7A4F7556}") = "Contact.Domain", "src\Services\Contact\Contact.Domain\Contact.Domain.csproj", "{7213606C-A4C0-421D-8D88-816972F354D2}"
EndProject
Project("{9A19103F-16F7-4668-BE54-9A1E7A4F7556}") = "Contact.Infrastructure", "src\Services\Contact\Contact.Infrastructure\Contact.Infrastructure.csproj", "{9B2AA93E-0C93-42CC-90B6-4577CF052720}"
EndProject
Project("{9A19103F-16F7-4668-BE54-9A1E7A4F7556}") = "Contact.Grpc", "src\Services\Contact\Contact.Grpc\Contact.Grpc.csproj", "{FDEB1C3C-DFF5-4138-A26B-FD7A203CFA85}"
EndProject
Project("{FAE04EC0-301F-11D3-BF4B-00C04F79EFBC}") = "Common.Dto", "src\BuildingBlocks\Common.Dto\Common.Dto.csproj", "{E2A8B17C-AAD9-49FC-98FF-D997E1AF594F}"
EndProject
Project("{FAE04EC0-301F-11D3-BF4B-00C04F79EFBC}") = "Common.Helpers", "src\BuildingBlocks\Common.Helpers\Common.Helpers.csproj", "{DCAAB7F4-2650-47F7-A9A6-C21F956E3BBA}"
EndProject
Global
	GlobalSection(SolutionConfigurationPlatforms) = preSolution
		Debug|Any CPU = Debug|Any CPU
		Release|Any CPU = Release|Any CPU
	EndGlobalSection
	GlobalSection(ProjectConfigurationPlatforms) = postSolution
		{290A2E6F-3792-4EC8-BE8D-A3321C15804C}.Debug|Any CPU.ActiveCfg = Debug|Any CPU
		{290A2E6F-3792-4EC8-BE8D-A3321C15804C}.Debug|Any CPU.Build.0 = Debug|Any CPU
		{290A2E6F-3792-4EC8-BE8D-A3321C15804C}.Release|Any CPU.ActiveCfg = Release|Any CPU
		{290A2E6F-3792-4EC8-BE8D-A3321C15804C}.Release|Any CPU.Build.0 = Release|Any CPU
		{43DF2411-7A91-473B-9C46-2480FCB9187D}.Debug|Any CPU.ActiveCfg = Debug|Any CPU
		{43DF2411-7A91-473B-9C46-2480FCB9187D}.Debug|Any CPU.Build.0 = Debug|Any CPU
		{43DF2411-7A91-473B-9C46-2480FCB9187D}.Release|Any CPU.ActiveCfg = Release|Any CPU
		{43DF2411-7A91-473B-9C46-2480FCB9187D}.Release|Any CPU.Build.0 = Release|Any CPU
		{7213606C-A4C0-421D-8D88-816972F354D2}.Debug|Any CPU.ActiveCfg = Debug|Any CPU
		{7213606C-A4C0-421D-8D88-816972F354D2}.Debug|Any CPU.Build.0 = Debug|Any CPU
		{7213606C-A4C0-421D-8D88-816972F354D2}.Release|Any CPU.ActiveCfg = Release|Any CPU
		{7213606C-A4C0-421D-8D88-816972F354D2}.Release|Any CPU.Build.0 = Release|Any CPU
		{9B2AA93E-0C93-42CC-90B6-4577CF052720}.Debug|Any CPU.ActiveCfg = Debug|Any CPU
		{9B2AA93E-0C93-42CC-90B6-4577CF052720}.Debug|Any CPU.Build.0 = Debug|Any CPU
		{9B2AA93E-0C93-42CC-90B6-4577CF052720}.Release|Any CPU.ActiveCfg = Release|Any CPU
		{9B2AA93E-0C93-42CC-90B6-4577CF052720}.Release|Any CPU.Build.0 = Release|Any CPU
		{FDEB1C3C-DFF5-4138-A26B-FD7A203CFA85}.Debug|Any CPU.ActiveCfg = Debug|Any CPU
		{FDEB1C3C-DFF5-4138-A26B-FD7A203CFA85}.Debug|Any CPU.Build.0 = Debug|Any CPU
		{FDEB1C3C-DFF5-4138-A26B-FD7A203CFA85}.Release|Any CPU.ActiveCfg = Release|Any CPU
		{FDEB1C3C-DFF5-4138-A26B-FD7A203CFA85}.Release|Any CPU.Build.0 = Release|Any CPU
		{E2A8B17C-AAD9-49FC-98FF-D997E1AF594F}.Debug|Any CPU.ActiveCfg = Debug|Any CPU
		{E2A8B17C-AAD9-49FC-98FF-D997E1AF594F}.Debug|Any CPU.Build.0 = Debug|Any CPU
		{E2A8B17C-AAD9-49FC-98FF-D997E1AF594F}.Release|Any CPU.ActiveCfg = Release|Any CPU
		{E2A8B17C-AAD9-49FC-98FF-D997E1AF594F}.Release|Any CPU.Build.0 = Release|Any CPU
		{DCAAB7F4-2650-47F7-A9A6-C21F956E3BBA}.Debug|Any CPU.ActiveCfg = Debug|Any CPU
		{DCAAB7F4-2650-47F7-A9A6-C21F956E3BBA}.Debug|Any CPU.Build.0 = Debug|Any CPU
		{DCAAB7F4-2650-47F7-A9A6-C21F956E3BBA}.Release|Any CPU.ActiveCfg = Release|Any CPU
		{DCAAB7F4-2650-47F7-A9A6-C21F956E3BBA}.Release|Any CPU.Build.0 = Release|Any CPU
	EndGlobalSection
	GlobalSection(SolutionProperties) = preSolution
		HideSolutionNode = FALSE
	EndGlobalSection
	GlobalSection(NestedProjects) = preSolution
		{176B77E9-97B8-48C1-899B-4DC0721AE3E3} = {63F01645-A16B-49FA-AB85-63DECA6C79B8}
		{364C75AE-4C72-4114-B750-7D419E3F9E68} = {63F01645-A16B-49FA-AB85-63DECA6C79B8}
		{290A2E6F-3792-4EC8-BE8D-A3321C15804C} = {364C75AE-4C72-4114-B750-7D419E3F9E68}
		{43DF2411-7A91-473B-9C46-2480FCB9187D} = {364C75AE-4C72-4114-B750-7D419E3F9E68}
		{7213606C-A4C0-421D-8D88-816972F354D2} = {364C75AE-4C72-4114-B750-7D419E3F9E68}
		{9B2AA93E-0C93-42CC-90B6-4577CF052720} = {364C75AE-4C72-4114-B750-7D419E3F9E68}
		{FDEB1C3C-DFF5-4138-A26B-FD7A203CFA85} = {364C75AE-4C72-4114-B750-7D419E3F9E68}
		{E2A8B17C-AAD9-49FC-98FF-D997E1AF594F} = {106C7F74-DC3C-4B7F-80BF-9BDA99108E3E}
		{DCAAB7F4-2650-47F7-A9A6-C21F956E3BBA} = {106C7F74-DC3C-4B7F-80BF-9BDA99108E3E}
	EndGlobalSection
	GlobalSection(ExtensibilityGlobals) = postSolution
		SolutionGuid = {6E3973FA-0D6E-4506-8351-9BA2E36C6D8E}
	EndGlobalSection
EndGlobal
